
Microsoft Visual Studio Solution File, Format Version 12.00
# Visual Studio Version 16
VisualStudioVersion = 16.0.30717.126
MinimumVisualStudioVersion = 10.0.40219.1
Project("{FAE04EC0-301F-11D3-BF4B-00C04F79EFBC}") = "20_12_01", "20_12_01.csproj", "{13318A08-7997-4A0F-8C19-6E58689EEADE}"
EndProject
Global
	GlobalSection(SolutionConfigurationPlatforms) = preSolution
		Debug|Any CPU = Debug|Any CPU
		Release|Any CPU = Release|Any CPU
	EndGlobalSection
	GlobalSection(ProjectConfigurationPlatforms) = postSolution
		{13318A08-7997-4A0F-8C19-6E58689EEADE}.Debug|Any CPU.ActiveCfg = Debug|Any CPU
		{13318A08-7997-4A0F-8C19-6E58689EEADE}.Debug|Any CPU.Build.0 = Debug|Any CPU
		{13318A08-7997-4A0F-8C19-6E58689EEADE}.Release|Any CPU.ActiveCfg = Release|Any CPU
		{13318A08-7997-4A0F-8C19-6E58689EEADE}.Release|Any CPU.Build.0 = Release|Any CPU
	EndGlobalSection
	GlobalSection(SolutionProperties) = preSolution
		HideSolutionNode = FALSE
	EndGlobalSection
	GlobalSection(ExtensibilityGlobals) = postSolution
		SolutionGuid = {2F037B98-3572-4F59-B175-920DBE8BC26E}
	EndGlobalSection
EndGlobal
